
Microsoft Visual Studio Solution File, Format Version 12.00
# Visual Studio Version 16
VisualStudioVersion = 16.0.30621.155
MinimumVisualStudioVersion = 10.0.40219.1
Project("{FAE04EC0-301F-11D3-BF4B-00C04F79EFBC}") = "MatchGame", "MatchGame\MatchGame.csproj", "{4FE42D1E-99AE-4A0C-AC64-7DBEAD0296D5}"
EndProject
Global
	GlobalSection(SolutionConfigurationPlatforms) = preSolution
		Debug|Any CPU = Debug|Any CPU
		Release|Any CPU = Release|Any CPU
	EndGlobalSection
	GlobalSection(ProjectConfigurationPlatforms) = postSolution
		{4FE42D1E-99AE-4A0C-AC64-7DBEAD0296D5}.Debug|Any CPU.ActiveCfg = Debug|Any CPU
		{4FE42D1E-99AE-4A0C-AC64-7DBEAD0296D5}.Debug|Any CPU.Build.0 = Debug|Any CPU
		{4FE42D1E-99AE-4A0C-AC64-7DBEAD0296D5}.Release|Any CPU.ActiveCfg = Release|Any CPU
		{4FE42D1E-99AE-4A0C-AC64-7DBEAD0296D5}.Release|Any CPU.Build.0 = Release|Any CPU
	EndGlobalSection
	GlobalSection(SolutionProperties) = preSolution
		HideSolutionNode = FALSE
	EndGlobalSection
	GlobalSection(ExtensibilityGlobals) = postSolution
		SolutionGuid = {C8E7E47C-A32B-4A5B-9899-56887083F9EE}
	EndGlobalSection
EndGlobal
